PODS:
  - PNFramework (3.0.0)

DEPENDENCIES:
  - PNFramework (from `~/Desktop/PushNotificationDemo/PNFramework/PNFramework`)

EXTERNAL SOURCES:
  PNFramework:
    :path: "~/Desktop/PushNotificationDemo/PNFramework/PNFramework"

SPEC CHECKSUMS:
  PNFramework: 5e47d9db5e822c6358cc0ae1ad0f3290ffc57479

PODFILE CHECKSUM: 05f30871fda594cd0e543127947e8e2cac914fb7

COCOAPODS: 1.9.3
